
Microsoft Visual Studio Solution File, Format Version 12.00
# Visual Studio Version 16
VisualStudioVersion = 16.0.30523.141
MinimumVisualStudioVersion = 10.0.40219.1
Project("{FAE04EC0-301F-11D3-BF4B-00C04F79EFBC}") = "Vigenere Cipher", "Vigenere Cipher\Vigenere Cipher.csproj", "{5BBC0439-7137-42CE-A2F0-06EC288C469E}"
EndProject
Global
	GlobalSection(SolutionConfigurationPlatforms) = preSolution
		Debug|Any CPU = Debug|Any CPU
		Release|Any CPU = Release|Any CPU
	EndGlobalSection
	GlobalSection(ProjectConfigurationPlatforms) = postSolution
		{5BBC0439-7137-42CE-A2F0-06EC288C469E}.Debug|Any CPU.ActiveCfg = Debug|Any CPU
		{5BBC0439-7137-42CE-A2F0-06EC288C469E}.Debug|Any CPU.Build.0 = Debug|Any CPU
		{5BBC0439-7137-42CE-A2F0-06EC288C469E}.Release|Any CPU.ActiveCfg = Release|Any CPU
		{5BBC0439-7137-42CE-A2F0-06EC288C469E}.Release|Any CPU.Build.0 = Release|Any CPU
	EndGlobalSection
	GlobalSection(SolutionProperties) = preSolution
		HideSolutionNode = FALSE
	EndGlobalSection
	GlobalSection(ExtensibilityGlobals) = postSolution
		SolutionGuid = {249EC8D1-BA4D-470B-A8FC-0804072DC10E}
	EndGlobalSection
EndGlobal
