
Microsoft Visual Studio Solution File, Format Version 12.00
# Visual Studio Version 16
VisualStudioVersion = 16.0.30711.63
MinimumVisualStudioVersion = 10.0.40219.1
Project("{FAE04EC0-301F-11D3-BF4B-00C04F79EFBC}") = "Diffie-Hellman", "Diffie-Hellman\Diffie-Hellman.csproj", "{6DDAF965-7AB3-4F8C-8594-5A06D525E7EA}"
EndProject
Global
	GlobalSection(SolutionConfigurationPlatforms) = preSolution
		Debug|Any CPU = Debug|Any CPU
		Release|Any CPU = Release|Any CPU
	EndGlobalSection
	GlobalSection(ProjectConfigurationPlatforms) = postSolution
		{6DDAF965-7AB3-4F8C-8594-5A06D525E7EA}.Debug|Any CPU.ActiveCfg = Debug|Any CPU
		{6DDAF965-7AB3-4F8C-8594-5A06D525E7EA}.Debug|Any CPU.Build.0 = Debug|Any CPU
		{6DDAF965-7AB3-4F8C-8594-5A06D525E7EA}.Release|Any CPU.ActiveCfg = Release|Any CPU
		{6DDAF965-7AB3-4F8C-8594-5A06D525E7EA}.Release|Any CPU.Build.0 = Release|Any CPU
	EndGlobalSection
	GlobalSection(SolutionProperties) = preSolution
		HideSolutionNode = FALSE
	EndGlobalSection
	GlobalSection(ExtensibilityGlobals) = postSolution
		SolutionGuid = {F16CC8D7-93D0-4176-B781-2303FBC531A1}
	EndGlobalSection
EndGlobal
